
Microsoft Visual Studio Solution File, Format Version 12.00
# Visual Studio Version 16
VisualStudioVersion = 16.0.30330.147
MinimumVisualStudioVersion = 10.0.40219.1
Project("{FAE04EC0-301F-11D3-BF4B-00C04F79EFBC}") = "CVbuilder", "Codefirstapproach\CVbuilder.csproj", "{A46BD920-ED26-4D7E-93E0-006D39A08BAC}"
EndProject
Global
	GlobalSection(SolutionConfigurationPlatforms) = preSolution
		Debug|Any CPU = Debug|Any CPU
		Release|Any CPU = Release|Any CPU
	EndGlobalSection
	GlobalSection(ProjectConfigurationPlatforms) = postSolution
		{A46BD920-ED26-4D7E-93E0-006D39A08BAC}.Debug|Any CPU.ActiveCfg = Debug|Any CPU
		{A46BD920-ED26-4D7E-93E0-006D39A08BAC}.Debug|Any CPU.Build.0 = Debug|Any CPU
		{A46BD920-ED26-4D7E-93E0-006D39A08BAC}.Release|Any CPU.ActiveCfg = Release|Any CPU
		{A46BD920-ED26-4D7E-93E0-006D39A08BAC}.Release|Any CPU.Build.0 = Release|Any CPU
	EndGlobalSection
	GlobalSection(SolutionProperties) = preSolution
		HideSolutionNode = FALSE
	EndGlobalSection
	GlobalSection(ExtensibilityGlobals) = postSolution
		SolutionGuid = {E77EF1A2-1741-471D-943F-D16A26FE877B}
	EndGlobalSection
EndGlobal
